
Microsoft Visual Studio Solution File, Format Version 12.00
# Visual Studio 15
Project("{FAE04EC0-301F-11D3-BF4B-00C04F79EFBC}") = "Oculus.Platform", "Oculus.Platform.csproj", "{DC4815F8-E1F9-032A-4163-7B06816F527A}"
EndProject
Project("{FAE04EC0-301F-11D3-BF4B-00C04F79EFBC}") = "Assembly-CSharp", "Assembly-CSharp.csproj", "{AE4898C6-2C93-B695-2C94-F2E698EE5185}"
EndProject
Project("{FAE04EC0-301F-11D3-BF4B-00C04F79EFBC}") = "Oculus.Spatializer", "Oculus.Spatializer.csproj", "{B4F6CD86-D47C-7CC5-4746-B32688624A4E}"
EndProject
Project("{FAE04EC0-301F-11D3-BF4B-00C04F79EFBC}") = "Oculus.Interaction", "Oculus.Interaction.csproj", "{2170AAEB-89D8-110F-AA4D-A3215190500B}"
EndProject
Project("{FAE04EC0-301F-11D3-BF4B-00C04F79EFBC}") = "Facebook.WitAI", "Facebook.WitAI.csproj", "{F1C8601E-DEAD-15D8-BEF9-859E816E4D34}"
EndProject
Project("{FAE04EC0-301F-11D3-BF4B-00C04F79EFBC}") = "Oculus.VR", "Oculus.VR.csproj", "{9053B545-0AC6-BD93-1F97-C4E0090EDAE0}"
EndProject
Project("{FAE04EC0-301F-11D3-BF4B-00C04F79EFBC}") = "Oculus.Interaction.Samples", "Oculus.Interaction.Samples.csproj", "{D0CE4391-C1B4-B631-0789-30D06655F457}"
EndProject
Project("{FAE04EC0-301F-11D3-BF4B-00C04F79EFBC}") = "Facebook.Wit.TTS", "Facebook.Wit.TTS.csproj", "{F902ED64-1ED8-7D6B-C5F3-FABED041229D}"
EndProject
Project("{FAE04EC0-301F-11D3-BF4B-00C04F79EFBC}") = "Oculus.AudioManager", "Oculus.AudioManager.csproj", "{4D3619F2-77D7-6BFC-BE9B-E4C4623DF72F}"
EndProject
Project("{FAE04EC0-301F-11D3-BF4B-00C04F79EFBC}") = "VoiceSDK.Runtime", "VoiceSDK.Runtime.csproj", "{74075614-0134-FB55-20D2-A46A269B1DCA}"
EndProject
Project("{FAE04EC0-301F-11D3-BF4B-00C04F79EFBC}") = "Oculus.Voice.Demo", "Oculus.Voice.Demo.csproj", "{BD1A5755-3682-3B9F-FE1D-3E84829AF96A}"
EndProject
Project("{FAE04EC0-301F-11D3-BF4B-00C04F79EFBC}") = "AssistantCoreSDKRuntime", "AssistantCoreSDKRuntime.csproj", "{065678E8-50FB-8D24-E9EA-504EE2E35D19}"
EndProject
Project("{FAE04EC0-301F-11D3-BF4B-00C04F79EFBC}") = "LitJson", "LitJson.csproj", "{29B791AE-B54F-6092-B836-D6B667445B91}"
EndProject
Project("{FAE04EC0-301F-11D3-BF4B-00C04F79EFBC}") = "Facebook.Wit.Conduit", "Facebook.Wit.Conduit.csproj", "{EC763654-0DC9-DA8C-EFE9-7D68D7875F0F}"
EndProject
Project("{FAE04EC0-301F-11D3-BF4B-00C04F79EFBC}") = "Oculus.LipSync", "Oculus.LipSync.csproj", "{C4DA6D61-9C2F-58FF-1B14-B19C5A3029B2}"
EndProject
Project("{FAE04EC0-301F-11D3-BF4B-00C04F79EFBC}") = "Facebook.Wit.TTS.Samples", "Facebook.Wit.TTS.Samples.csproj", "{3D332076-594C-4859-8E42-F91404270A6F}"
EndProject
Project("{FAE04EC0-301F-11D3-BF4B-00C04F79EFBC}") = "Facebook.Wit.Editor", "Facebook.Wit.Editor.csproj", "{0E87CC91-01B4-1AE5-843C-D47597AE1F93}"
EndProject
Project("{FAE04EC0-301F-11D3-BF4B-00C04F79EFBC}") = "Oculus.Interaction.Editor", "Oculus.Interaction.Editor.csproj", "{AD410773-7FB3-CBA9-5FD8-27BBF8DE3DD4}"
EndProject
Project("{FAE04EC0-301F-11D3-BF4B-00C04F79EFBC}") = "Facebook.Wit.Conduit.Editor", "Facebook.Wit.Conduit.Editor.csproj", "{DC1615CF-9153-87D0-4E69-BAA8F507C811}"
EndProject
Project("{FAE04EC0-301F-11D3-BF4B-00C04F79EFBC}") = "Assembly-CSharp-Editor", "Assembly-CSharp-Editor.csproj", "{6EA56D25-5773-CA19-8018-B4E9776DD58B}"
EndProject
Project("{FAE04EC0-301F-11D3-BF4B-00C04F79EFBC}") = "Oculus.Interaction.Samples.Editor", "Oculus.Interaction.Samples.Editor.csproj", "{FAE97CA8-6430-369A-F568-1BF515FB3671}"
EndProject
Project("{FAE04EC0-301F-11D3-BF4B-00C04F79EFBC}") = "Oculus.VR.Editor", "Oculus.VR.Editor.csproj", "{E10256E1-0A30-FD36-4E6C-FEF7445B64CC}"
EndProject
Project("{FAE04EC0-301F-11D3-BF4B-00C04F79EFBC}") = "VoiceSDK.Editor", "VoiceSDK.Editor.csproj", "{D5AED646-89CB-3163-7368-75251B0242B2}"
EndProject
Project("{FAE04EC0-301F-11D3-BF4B-00C04F79EFBC}") = "Facebook.Wit.TTS.Editor", "Facebook.Wit.TTS.Editor.csproj", "{A97F121B-E670-F177-D0B3-92CEABC209C1}"
EndProject
Project("{FAE04EC0-301F-11D3-BF4B-00C04F79EFBC}") = "Oculus.Platform.Editor", "Oculus.Platform.Editor.csproj", "{FC9DF7FC-B6EF-7C9C-EC60-680C5F63B4D3}"
EndProject
Project("{FAE04EC0-301F-11D3-BF4B-00C04F79EFBC}") = "Oculus.Spatializer.Editor", "Oculus.Spatializer.Editor.csproj", "{F7B4CBCC-D97A-37A3-6FA7-7B384C7E8B75}"
EndProject
Project("{FAE04EC0-301F-11D3-BF4B-00C04F79EFBC}") = "Oculus.AudioManager.Audio.Editor", "Oculus.AudioManager.Audio.Editor.csproj", "{1F009385-C879-88E7-F55C-7016C5AA615D}"
EndProject
Project("{FAE04EC0-301F-11D3-BF4B-00C04F79EFBC}") = "Oculus.Interaction.InterfaceSupport", "Oculus.Interaction.InterfaceSupport.csproj", "{6A1B404E-194F-4599-DC6A-2619FDCA6990}"
EndProject
Project("{FAE04EC0-301F-11D3-BF4B-00C04F79EFBC}") = "Oculus.VR.Scripts.Editor", "Oculus.VR.Scripts.Editor.csproj", "{17A78411-0EF1-4186-5205-A62F1C9DEAC8}"
EndProject
Project("{FAE04EC0-301F-11D3-BF4B-00C04F79EFBC}") = "Oculus.LipSync.Editor", "Oculus.LipSync.Editor.csproj", "{6F8F9866-92C6-D965-977D-BC74EE3D9582}"
EndProject
Project("{FAE04EC0-301F-11D3-BF4B-00C04F79EFBC}") = "AssistantCoreSDKEditor", "AssistantCoreSDKEditor.csproj", "{60743C84-28BD-F736-E340-F57729A27DF4}"
EndProject
Project("{FAE04EC0-301F-11D3-BF4B-00C04F79EFBC}") = "Oculus.AudioManager.Utils.Editor", "Oculus.AudioManager.Utils.Editor.csproj", "{2105A910-3ECD-0DBF-D21E-2122A631A29F}"
EndProject
Global
	GlobalSection(SolutionConfigurationPlatforms) = preSolution
		Debug|Any CPU = Debug|Any CPU
		Release|Any CPU = Release|Any CPU
	EndGlobalSection
	GlobalSection(ProjectConfigurationPlatforms) = postSolution
		{DC4815F8-E1F9-032A-4163-7B06816F527A}.Debug|Any CPU.ActiveCfg = Debug|Any CPU
		{DC4815F8-E1F9-032A-4163-7B06816F527A}.Debug|Any CPU.Build.0 = Debug|Any CPU
		{DC4815F8-E1F9-032A-4163-7B06816F527A}.Release|Any CPU.ActiveCfg = Release|Any CPU
		{DC4815F8-E1F9-032A-4163-7B06816F527A}.Release|Any CPU.Build.0 = Release|Any CPU
		{AE4898C6-2C93-B695-2C94-F2E698EE5185}.Debug|Any CPU.ActiveCfg = Debug|Any CPU
		{AE4898C6-2C93-B695-2C94-F2E698EE5185}.Debug|Any CPU.Build.0 = Debug|Any CPU
		{AE4898C6-2C93-B695-2C94-F2E698EE5185}.Release|Any CPU.ActiveCfg = Release|Any CPU
		{AE4898C6-2C93-B695-2C94-F2E698EE5185}.Release|Any CPU.Build.0 = Release|Any CPU
		{B4F6CD86-D47C-7CC5-4746-B32688624A4E}.Debug|Any CPU.ActiveCfg = Debug|Any CPU
		{B4F6CD86-D47C-7CC5-4746-B32688624A4E}.Debug|Any CPU.Build.0 = Debug|Any CPU
		{B4F6CD86-D47C-7CC5-4746-B32688624A4E}.Release|Any CPU.ActiveCfg = Release|Any CPU
		{B4F6CD86-D47C-7CC5-4746-B32688624A4E}.Release|Any CPU.Build.0 = Release|Any CPU
		{2170AAEB-89D8-110F-AA4D-A3215190500B}.Debug|Any CPU.ActiveCfg = Debug|Any CPU
		{2170AAEB-89D8-110F-AA4D-A3215190500B}.Debug|Any CPU.Build.0 = Debug|Any CPU
		{2170AAEB-89D8-110F-AA4D-A3215190500B}.Release|Any CPU.ActiveCfg = Release|Any CPU
		{2170AAEB-89D8-110F-AA4D-A3215190500B}.Release|Any CPU.Build.0 = Release|Any CPU
		{F1C8601E-DEAD-15D8-BEF9-859E816E4D34}.Debug|Any CPU.ActiveCfg = Debug|Any CPU
		{F1C8601E-DEAD-15D8-BEF9-859E816E4D34}.Debug|Any CPU.Build.0 = Debug|Any CPU
		{F1C8601E-DEAD-15D8-BEF9-859E816E4D34}.Release|Any CPU.ActiveCfg = Release|Any CPU
		{F1C8601E-DEAD-15D8-BEF9-859E816E4D34}.Release|Any CPU.Build.0 = Release|Any CPU
		{9053B545-0AC6-BD93-1F97-C4E0090EDAE0}.Debug|Any CPU.ActiveCfg = Debug|Any CPU
		{9053B545-0AC6-BD93-1F97-C4E0090EDAE0}.Debug|Any CPU.Build.0 = Debug|Any CPU
		{9053B545-0AC6-BD93-1F97-C4E0090EDAE0}.Release|Any CPU.ActiveCfg = Release|Any CPU
		{9053B545-0AC6-BD93-1F97-C4E0090EDAE0}.Release|Any CPU.Build.0 = Release|Any CPU
		{D0CE4391-C1B4-B631-0789-30D06655F457}.Debug|Any CPU.ActiveCfg = Debug|Any CPU
		{D0CE4391-C1B4-B631-0789-30D06655F457}.Debug|Any CPU.Build.0 = Debug|Any CPU
		{D0CE4391-C1B4-B631-0789-30D06655F457}.Release|Any CPU.ActiveCfg = Release|Any CPU
		{D0CE4391-C1B4-B631-0789-30D06655F457}.Release|Any CPU.Build.0 = Release|Any CPU
		{F902ED64-1ED8-7D6B-C5F3-FABED041229D}.Debug|Any CPU.ActiveCfg = Debug|Any CPU
		{F902ED64-1ED8-7D6B-C5F3-FABED041229D}.Debug|Any CPU.Build.0 = Debug|Any CPU
		{F902ED64-1ED8-7D6B-C5F3-FABED041229D}.Release|Any CPU.ActiveCfg = Release|Any CPU
		{F902ED64-1ED8-7D6B-C5F3-FABED041229D}.Release|Any CPU.Build.0 = Release|Any CPU
		{4D3619F2-77D7-6BFC-BE9B-E4C4623DF72F}.Debug|Any CPU.ActiveCfg = Debug|Any CPU
		{4D3619F2-77D7-6BFC-BE9B-E4C4623DF72F}.Debug|Any CPU.Build.0 = Debug|Any CPU
		{4D3619F2-77D7-6BFC-BE9B-E4C4623DF72F}.Release|Any CPU.ActiveCfg = Release|Any CPU
		{4D3619F2-77D7-6BFC-BE9B-E4C4623DF72F}.Release|Any CPU.Build.0 = Release|Any CPU
		{74075614-0134-FB55-20D2-A46A269B1DCA}.Debug|Any CPU.ActiveCfg = Debug|Any CPU
		{74075614-0134-FB55-20D2-A46A269B1DCA}.Debug|Any CPU.Build.0 = Debug|Any CPU
		{74075614-0134-FB55-20D2-A46A269B1DCA}.Release|Any CPU.ActiveCfg = Release|Any CPU
		{74075614-0134-FB55-20D2-A46A269B1DCA}.Release|Any CPU.Build.0 = Release|Any CPU
		{BD1A5755-3682-3B9F-FE1D-3E84829AF96A}.Debug|Any CPU.ActiveCfg = Debug|Any CPU
		{BD1A5755-3682-3B9F-FE1D-3E84829AF96A}.Debug|Any CPU.Build.0 = Debug|Any CPU
		{BD1A5755-3682-3B9F-FE1D-3E84829AF96A}.Release|Any CPU.ActiveCfg = Release|Any CPU
		{BD1A5755-3682-3B9F-FE1D-3E84829AF96A}.Release|Any CPU.Build.0 = Release|Any CPU
		{065678E8-50FB-8D24-E9EA-504EE2E35D19}.Debug|Any CPU.ActiveCfg = Debug|Any CPU
		{065678E8-50FB-8D24-E9EA-504EE2E35D19}.Debug|Any CPU.Build.0 = Debug|Any CPU
		{065678E8-50FB-8D24-E9EA-504EE2E35D19}.Release|Any CPU.ActiveCfg = Release|Any CPU
		{065678E8-50FB-8D24-E9EA-504EE2E35D19}.Release|Any CPU.Build.0 = Release|Any CPU
		{29B791AE-B54F-6092-B836-D6B667445B91}.Debug|Any CPU.ActiveCfg = Debug|Any CPU
		{29B791AE-B54F-6092-B836-D6B667445B91}.Debug|Any CPU.Build.0 = Debug|Any CPU
		{29B791AE-B54F-6092-B836-D6B667445B91}.Release|Any CPU.ActiveCfg = Release|Any CPU
		{29B791AE-B54F-6092-B836-D6B667445B91}.Release|Any CPU.Build.0 = Release|Any CPU
		{EC763654-0DC9-DA8C-EFE9-7D68D7875F0F}.Debug|Any CPU.ActiveCfg = Debug|Any CPU
		{EC763654-0DC9-DA8C-EFE9-7D68D7875F0F}.Debug|Any CPU.Build.0 = Debug|Any CPU
		{EC763654-0DC9-DA8C-EFE9-7D68D7875F0F}.Release|Any CPU.ActiveCfg = Release|Any CPU
		{EC763654-0DC9-DA8C-EFE9-7D68D7875F0F}.Release|Any CPU.Build.0 = Release|Any CPU
		{C4DA6D61-9C2F-58FF-1B14-B19C5A3029B2}.Debug|Any CPU.ActiveCfg = Debug|Any CPU
		{C4DA6D61-9C2F-58FF-1B14-B19C5A3029B2}.Debug|Any CPU.Build.0 = Debug|Any CPU
		{C4DA6D61-9C2F-58FF-1B14-B19C5A3029B2}.Release|Any CPU.ActiveCfg = Release|Any CPU
		{C4DA6D61-9C2F-58FF-1B14-B19C5A3029B2}.Release|Any CPU.Build.0 = Release|Any CPU
		{3D332076-594C-4859-8E42-F91404270A6F}.Debug|Any CPU.ActiveCfg = Debug|Any CPU
		{3D332076-594C-4859-8E42-F91404270A6F}.Debug|Any CPU.Build.0 = Debug|Any CPU
		{3D332076-594C-4859-8E42-F91404270A6F}.Release|Any CPU.ActiveCfg = Release|Any CPU
		{3D332076-594C-4859-8E42-F91404270A6F}.Release|Any CPU.Build.0 = Release|Any CPU
		{0E87CC91-01B4-1AE5-843C-D47597AE1F93}.Debug|Any CPU.ActiveCfg = Debug|Any CPU
		{0E87CC91-01B4-1AE5-843C-D47597AE1F93}.Debug|Any CPU.Build.0 = Debug|Any CPU
		{0E87CC91-01B4-1AE5-843C-D47597AE1F93}.Release|Any CPU.ActiveCfg = Release|Any CPU
		{0E87CC91-01B4-1AE5-843C-D47597AE1F93}.Release|Any CPU.Build.0 = Release|Any CPU
		{AD410773-7FB3-CBA9-5FD8-27BBF8DE3DD4}.Debug|Any CPU.ActiveCfg = Debug|Any CPU
		{AD410773-7FB3-CBA9-5FD8-27BBF8DE3DD4}.Debug|Any CPU.Build.0 = Debug|Any CPU
		{AD410773-7FB3-CBA9-5FD8-27BBF8DE3DD4}.Release|Any CPU.ActiveCfg = Release|Any CPU
		{AD410773-7FB3-CBA9-5FD8-27BBF8DE3DD4}.Release|Any CPU.Build.0 = Release|Any CPU
		{DC1615CF-9153-87D0-4E69-BAA8F507C811}.Debug|Any CPU.ActiveCfg = Debug|Any CPU
		{DC1615CF-9153-87D0-4E69-BAA8F507C811}.Debug|Any CPU.Build.0 = Debug|Any CPU
		{DC1615CF-9153-87D0-4E69-BAA8F507C811}.Release|Any CPU.ActiveCfg = Release|Any CPU
		{DC1615CF-9153-87D0-4E69-BAA8F507C811}.Release|Any CPU.Build.0 = Release|Any CPU
		{6EA56D25-5773-CA19-8018-B4E9776DD58B}.Debug|Any CPU.ActiveCfg = Debug|Any CPU
		{6EA56D25-5773-CA19-8018-B4E9776DD58B}.Debug|Any CPU.Build.0 = Debug|Any CPU
		{6EA56D25-5773-CA19-8018-B4E9776DD58B}.Release|Any CPU.ActiveCfg = Release|Any CPU
		{6EA56D25-5773-CA19-8018-B4E9776DD58B}.Release|Any CPU.Build.0 = Release|Any CPU
		{FAE97CA8-6430-369A-F568-1BF515FB3671}.Debug|Any CPU.ActiveCfg = Debug|Any CPU
		{FAE97CA8-6430-369A-F568-1BF515FB3671}.Debug|Any CPU.Build.0 = Debug|Any CPU
		{FAE97CA8-6430-369A-F568-1BF515FB3671}.Release|Any CPU.ActiveCfg = Release|Any CPU
		{FAE97CA8-6430-369A-F568-1BF515FB3671}.Release|Any CPU.Build.0 = Release|Any CPU
		{E10256E1-0A30-FD36-4E6C-FEF7445B64CC}.Debug|Any CPU.ActiveCfg = Debug|Any CPU
		{E10256E1-0A30-FD36-4E6C-FEF7445B64CC}.Debug|Any CPU.Build.0 = Debug|Any CPU
		{E10256E1-0A30-FD36-4E6C-FEF7445B64CC}.Release|Any CPU.ActiveCfg = Release|Any CPU
		{E10256E1-0A30-FD36-4E6C-FEF7445B64CC}.Release|Any CPU.Build.0 = Release|Any CPU
		{D5AED646-89CB-3163-7368-75251B0242B2}.Debug|Any CPU.ActiveCfg = Debug|Any CPU
		{D5AED646-89CB-3163-7368-75251B0242B2}.Debug|Any CPU.Build.0 = Debug|Any CPU
		{D5AED646-89CB-3163-7368-75251B0242B2}.Release|Any CPU.ActiveCfg = Release|Any CPU
		{D5AED646-89CB-3163-7368-75251B0242B2}.Release|Any CPU.Build.0 = Release|Any CPU
		{A97F121B-E670-F177-D0B3-92CEABC209C1}.Debug|Any CPU.ActiveCfg = Debug|Any CPU
		{A97F121B-E670-F177-D0B3-92CEABC209C1}.Debug|Any CPU.Build.0 = Debug|Any CPU
		{A97F121B-E670-F177-D0B3-92CEABC209C1}.Release|Any CPU.ActiveCfg = Release|Any CPU
		{A97F121B-E670-F177-D0B3-92CEABC209C1}.Release|Any CPU.Build.0 = Release|Any CPU
		{FC9DF7FC-B6EF-7C9C-EC60-680C5F63B4D3}.Debug|Any CPU.ActiveCfg = Debug|Any CPU
		{FC9DF7FC-B6EF-7C9C-EC60-680C5F63B4D3}.Debug|Any CPU.Build.0 = Debug|Any CPU
		{FC9DF7FC-B6EF-7C9C-EC60-680C5F63B4D3}.Release|Any CPU.ActiveCfg = Release|Any CPU
		{FC9DF7FC-B6EF-7C9C-EC60-680C5F63B4D3}.Release|Any CPU.Build.0 = Release|Any CPU
		{F7B4CBCC-D97A-37A3-6FA7-7B384C7E8B75}.Debug|Any CPU.ActiveCfg = Debug|Any CPU
		{F7B4CBCC-D97A-37A3-6FA7-7B384C7E8B75}.Debug|Any CPU.Build.0 = Debug|Any CPU
		{F7B4CBCC-D97A-37A3-6FA7-7B384C7E8B75}.Release|Any CPU.ActiveCfg = Release|Any CPU
		{F7B4CBCC-D97A-37A3-6FA7-7B384C7E8B75}.Release|Any CPU.Build.0 = Release|Any CPU
		{1F009385-C879-88E7-F55C-7016C5AA615D}.Debug|Any CPU.ActiveCfg = Debug|Any CPU
		{1F009385-C879-88E7-F55C-7016C5AA615D}.Debug|Any CPU.Build.0 = Debug|Any CPU
		{1F009385-C879-88E7-F55C-7016C5AA615D}.Release|Any CPU.ActiveCfg = Release|Any CPU
		{1F009385-C879-88E7-F55C-7016C5AA615D}.Release|Any CPU.Build.0 = Release|Any CPU
		{6A1B404E-194F-4599-DC6A-2619FDCA6990}.Debug|Any CPU.ActiveCfg = Debug|Any CPU
		{6A1B404E-194F-4599-DC6A-2619FDCA6990}.Debug|Any CPU.Build.0 = Debug|Any CPU
		{6A1B404E-194F-4599-DC6A-2619FDCA6990}.Release|Any CPU.ActiveCfg = Release|Any CPU
		{6A1B404E-194F-4599-DC6A-2619FDCA6990}.Release|Any CPU.Build.0 = Release|Any CPU
		{17A78411-0EF1-4186-5205-A62F1C9DEAC8}.Debug|Any CPU.ActiveCfg = Debug|Any CPU
		{17A78411-0EF1-4186-5205-A62F1C9DEAC8}.Debug|Any CPU.Build.0 = Debug|Any CPU
		{17A78411-0EF1-4186-5205-A62F1C9DEAC8}.Release|Any CPU.ActiveCfg = Release|Any CPU
		{17A78411-0EF1-4186-5205-A62F1C9DEAC8}.Release|Any CPU.Build.0 = Release|Any CPU
		{6F8F9866-92C6-D965-977D-BC74EE3D9582}.Debug|Any CPU.ActiveCfg = Debug|Any CPU
		{6F8F9866-92C6-D965-977D-BC74EE3D9582}.Debug|Any CPU.Build.0 = Debug|Any CPU
		{6F8F9866-92C6-D965-977D-BC74EE3D9582}.Release|Any CPU.ActiveCfg = Release|Any CPU
		{6F8F9866-92C6-D965-977D-BC74EE3D9582}.Release|Any CPU.Build.0 = Release|Any CPU
		{60743C84-28BD-F736-E340-F57729A27DF4}.Debug|Any CPU.ActiveCfg = Debug|Any CPU
		{60743C84-28BD-F736-E340-F57729A27DF4}.Debug|Any CPU.Build.0 = Debug|Any CPU
		{60743C84-28BD-F736-E340-F57729A27DF4}.Release|Any CPU.ActiveCfg = Release|Any CPU
		{60743C84-28BD-F736-E340-F57729A27DF4}.Release|Any CPU.Build.0 = Release|Any CPU
		{2105A910-3ECD-0DBF-D21E-2122A631A29F}.Debug|Any CPU.ActiveCfg = Debug|Any CPU
		{2105A910-3ECD-0DBF-D21E-2122A631A29F}.Debug|Any CPU.Build.0 = Debug|Any CPU
		{2105A910-3ECD-0DBF-D21E-2122A631A29F}.Release|Any CPU.ActiveCfg = Release|Any CPU
		{2105A910-3ECD-0DBF-D21E-2122A631A29F}.Release|Any CPU.Build.0 = Release|Any CPU
	EndGlobalSection
	GlobalSection(SolutionProperties) = preSolution
		HideSolutionNode = FALSE
	EndGlobalSection
EndGlobal
