
Microsoft Visual Studio Solution File, Format Version 12.00
# Visual Studio 15
VisualStudioVersion = 15.0.28307.1684
MinimumVisualStudioVersion = 10.0.40219.1
Project("{FAE04EC0-301F-11D3-BF4B-00C04F79EFBC}") = "Oculus.Platform", "Oculus.Platform.csproj", "{F81548DC-F9E1-2A03-4163-7B06816F527A}"
EndProject
Project("{FAE04EC0-301F-11D3-BF4B-00C04F79EFBC}") = "Assembly-CSharp", "Assembly-CSharp.csproj", "{AE4898C6-2C93-B695-2C94-F2E698EE5185}"
EndProject
Project("{FAE04EC0-301F-11D3-BF4B-00C04F79EFBC}") = "Oculus.Spatializer", "Oculus.Spatializer.csproj", "{86CDF6B4-7CD4-C57C-4746-B32688624A4E}"
EndProject
Project("{FAE04EC0-301F-11D3-BF4B-00C04F79EFBC}") = "Oculus.Interaction", "Oculus.Interaction.csproj", "{EBAA7021-D889-0F11-AA4D-A3215190500B}"
EndProject
Project("{FAE04EC0-301F-11D3-BF4B-00C04F79EFBC}") = "Facebook.WitAI", "Facebook.WitAI.csproj", "{1E60C8F1-ADDE-D815-BEF9-859E816E4D34}"
EndProject
Project("{FAE04EC0-301F-11D3-BF4B-00C04F79EFBC}") = "Oculus.VR", "Oculus.VR.csproj", "{45B55390-C60A-93BD-1F97-C4E0090EDAE0}"
EndProject
Project("{FAE04EC0-301F-11D3-BF4B-00C04F79EFBC}") = "Oculus.Interaction.Samples", "Oculus.Interaction.Samples.csproj", "{9143CED0-B4C1-31B6-0789-30D06655F457}"
EndProject
Project("{FAE04EC0-301F-11D3-BF4B-00C04F79EFBC}") = "Facebook.Wit.TTS", "Facebook.Wit.TTS.csproj", "{64ED02F9-D81E-6B7D-C5F3-FABED041229D}"
EndProject
Project("{FAE04EC0-301F-11D3-BF4B-00C04F79EFBC}") = "Oculus.AudioManager", "Oculus.AudioManager.csproj", "{F219364D-D777-FC6B-BE9B-E4C4623DF72F}"
EndProject
Project("{FAE04EC0-301F-11D3-BF4B-00C04F79EFBC}") = "VoiceSDK.Runtime", "VoiceSDK.Runtime.csproj", "{14560774-3401-55FB-20D2-A46A269B1DCA}"
EndProject
Project("{FAE04EC0-301F-11D3-BF4B-00C04F79EFBC}") = "Oculus.Voice.Demo", "Oculus.Voice.Demo.csproj", "{55571ABD-8236-9F3B-FE1D-3E84829AF96A}"
EndProject
Project("{FAE04EC0-301F-11D3-BF4B-00C04F79EFBC}") = "AssistantCoreSDKRuntime", "AssistantCoreSDKRuntime.csproj", "{E8785606-FB50-248D-E9EA-504EE2E35D19}"
EndProject
Project("{FAE04EC0-301F-11D3-BF4B-00C04F79EFBC}") = "LitJson", "LitJson.csproj", "{AE91B729-4FB5-9260-B836-D6B667445B91}"
EndProject
Project("{FAE04EC0-301F-11D3-BF4B-00C04F79EFBC}") = "Facebook.Wit.Conduit", "Facebook.Wit.Conduit.csproj", "{543676EC-C90D-8CDA-EFE9-7D68D7875F0F}"
EndProject
Project("{FAE04EC0-301F-11D3-BF4B-00C04F79EFBC}") = "Oculus.LipSync", "Oculus.LipSync.csproj", "{616DDAC4-2F9C-FF58-1B14-B19C5A3029B2}"
EndProject
Project("{FAE04EC0-301F-11D3-BF4B-00C04F79EFBC}") = "Facebook.Wit.TTS.Samples", "Facebook.Wit.TTS.Samples.csproj", "{7620333D-4C59-5948-8E42-F91404270A6F}"
EndProject
Project("{FAE04EC0-301F-11D3-BF4B-00C04F79EFBC}") = "Facebook.Wit.Dictation", "Facebook.Wit.Dictation.csproj", "{1FC3CD4B-D865-7538-2C0A-8216B6C65C4F}"
EndProject
Project("{FAE04EC0-301F-11D3-BF4B-00C04F79EFBC}") = "VoiceSDK.Dictation.Runtime", "VoiceSDK.Dictation.Runtime.csproj", "{E35DC75A-3C2E-0235-8025-7E145BA5C40D}"
EndProject
Project("{FAE04EC0-301F-11D3-BF4B-00C04F79EFBC}") = "Facebook.Wit.Editor", "Facebook.Wit.Editor.csproj", "{91CC870E-B401-E51A-843C-D47597AE1F93}"
EndProject
Project("{FAE04EC0-301F-11D3-BF4B-00C04F79EFBC}") = "Oculus.Interaction.Editor", "Oculus.Interaction.Editor.csproj", "{730741AD-B37F-A9CB-5FD8-27BBF8DE3DD4}"
EndProject
Project("{FAE04EC0-301F-11D3-BF4B-00C04F79EFBC}") = "Facebook.Wit.Conduit.Editor", "Facebook.Wit.Conduit.Editor.csproj", "{CF1516DC-5391-D087-4E69-BAA8F507C811}"
EndProject
Project("{FAE04EC0-301F-11D3-BF4B-00C04F79EFBC}") = "Assembly-CSharp-Editor", "Assembly-CSharp-Editor.csproj", "{256DA56E-7357-19CA-8018-B4E9776DD58B}"
EndProject
Project("{FAE04EC0-301F-11D3-BF4B-00C04F79EFBC}") = "Oculus.Interaction.Samples.Editor", "Oculus.Interaction.Samples.Editor.csproj", "{A87CE9FA-3064-9A36-F568-1BF515FB3671}"
EndProject
Project("{FAE04EC0-301F-11D3-BF4B-00C04F79EFBC}") = "Oculus.VR.Editor", "Oculus.VR.Editor.csproj", "{E15602E1-300A-36FD-4E6C-FEF7445B64CC}"
EndProject
Project("{FAE04EC0-301F-11D3-BF4B-00C04F79EFBC}") = "VoiceSDK.Editor", "VoiceSDK.Editor.csproj", "{46D6AED5-CB89-6331-7368-75251B0242B2}"
EndProject
Project("{FAE04EC0-301F-11D3-BF4B-00C04F79EFBC}") = "Facebook.Wit.TTS.Editor", "Facebook.Wit.TTS.Editor.csproj", "{1B127FA9-70E6-77F1-D0B3-92CEABC209C1}"
EndProject
Project("{FAE04EC0-301F-11D3-BF4B-00C04F79EFBC}") = "Oculus.Platform.Editor", "Oculus.Platform.Editor.csproj", "{FCF79DFC-EFB6-9C7C-EC60-680C5F63B4D3}"
EndProject
Project("{FAE04EC0-301F-11D3-BF4B-00C04F79EFBC}") = "Oculus.Spatializer.Editor", "Oculus.Spatializer.Editor.csproj", "{CCCBB4F7-7AD9-A337-6FA7-7B384C7E8B75}"
EndProject
Project("{FAE04EC0-301F-11D3-BF4B-00C04F79EFBC}") = "Oculus.AudioManager.Audio.Editor", "Oculus.AudioManager.Audio.Editor.csproj", "{8593001F-79C8-E788-F55C-7016C5AA615D}"
EndProject
Project("{FAE04EC0-301F-11D3-BF4B-00C04F79EFBC}") = "Oculus.Interaction.InterfaceSupport", "Oculus.Interaction.InterfaceSupport.csproj", "{4E401B6A-4F19-9945-DC6A-2619FDCA6990}"
EndProject
Project("{FAE04EC0-301F-11D3-BF4B-00C04F79EFBC}") = "Oculus.VR.Scripts.Editor", "Oculus.VR.Scripts.Editor.csproj", "{1184A717-F10E-8641-5205-A62F1C9DEAC8}"
EndProject
Project("{FAE04EC0-301F-11D3-BF4B-00C04F79EFBC}") = "Oculus.LipSync.Editor", "Oculus.LipSync.Editor.csproj", "{66988F6F-C692-65D9-977D-BC74EE3D9582}"
EndProject
Project("{FAE04EC0-301F-11D3-BF4B-00C04F79EFBC}") = "AssistantCoreSDKEditor", "AssistantCoreSDKEditor.csproj", "{843C7460-BD28-36F7-E340-F57729A27DF4}"
EndProject
Project("{FAE04EC0-301F-11D3-BF4B-00C04F79EFBC}") = "Oculus.AudioManager.Utils.Editor", "Oculus.AudioManager.Utils.Editor.csproj", "{10A90521-CD3E-BF0D-D21E-2122A631A29F}"
EndProject
Project("{FAE04EC0-301F-11D3-BF4B-00C04F79EFBC}") = "VoiceSDK.Dictation.Editor", "VoiceSDK.Dictation.Editor.csproj", "{7E62DBEB-5D68-A9F6-B56B-C62EEE2C72D3}"
EndProject
Project("{FAE04EC0-301F-11D3-BF4B-00C04F79EFBC}") = "Facebook.Wit.Dictation.Editor", "Facebook.Wit.Dictation.Editor.csproj", "{805FB3A9-BE36-AE84-623E-06C512D8706D}"
EndProject
Global
	GlobalSection(SolutionConfigurationPlatforms) = preSolution
		Debug|Any CPU = Debug|Any CPU
		Release|Any CPU = Release|Any CPU
	EndGlobalSection
	GlobalSection(ProjectConfigurationPlatforms) = postSolution
		{F81548DC-F9E1-2A03-4163-7B06816F527A}.Debug|Any CPU.ActiveCfg = Debug|Any CPU
		{F81548DC-F9E1-2A03-4163-7B06816F527A}.Debug|Any CPU.Build.0 = Debug|Any CPU
		{F81548DC-F9E1-2A03-4163-7B06816F527A}.Release|Any CPU.ActiveCfg = Release|Any CPU
		{F81548DC-F9E1-2A03-4163-7B06816F527A}.Release|Any CPU.Build.0 = Release|Any CPU
		{AE4898C6-2C93-B695-2C94-F2E698EE5185}.Debug|Any CPU.ActiveCfg = Debug|Any CPU
		{AE4898C6-2C93-B695-2C94-F2E698EE5185}.Debug|Any CPU.Build.0 = Debug|Any CPU
		{AE4898C6-2C93-B695-2C94-F2E698EE5185}.Release|Any CPU.ActiveCfg = Release|Any CPU
		{AE4898C6-2C93-B695-2C94-F2E698EE5185}.Release|Any CPU.Build.0 = Release|Any CPU
		{86CDF6B4-7CD4-C57C-4746-B32688624A4E}.Debug|Any CPU.ActiveCfg = Debug|Any CPU
		{86CDF6B4-7CD4-C57C-4746-B32688624A4E}.Debug|Any CPU.Build.0 = Debug|Any CPU
		{86CDF6B4-7CD4-C57C-4746-B32688624A4E}.Release|Any CPU.ActiveCfg = Release|Any CPU
		{86CDF6B4-7CD4-C57C-4746-B32688624A4E}.Release|Any CPU.Build.0 = Release|Any CPU
		{EBAA7021-D889-0F11-AA4D-A3215190500B}.Debug|Any CPU.ActiveCfg = Debug|Any CPU
		{EBAA7021-D889-0F11-AA4D-A3215190500B}.Debug|Any CPU.Build.0 = Debug|Any CPU
		{EBAA7021-D889-0F11-AA4D-A3215190500B}.Release|Any CPU.ActiveCfg = Release|Any CPU
		{EBAA7021-D889-0F11-AA4D-A3215190500B}.Release|Any CPU.Build.0 = Release|Any CPU
		{1E60C8F1-ADDE-D815-BEF9-859E816E4D34}.Debug|Any CPU.ActiveCfg = Debug|Any CPU
		{1E60C8F1-ADDE-D815-BEF9-859E816E4D34}.Debug|Any CPU.Build.0 = Debug|Any CPU
		{1E60C8F1-ADDE-D815-BEF9-859E816E4D34}.Release|Any CPU.ActiveCfg = Release|Any CPU
		{1E60C8F1-ADDE-D815-BEF9-859E816E4D34}.Release|Any CPU.Build.0 = Release|Any CPU
		{45B55390-C60A-93BD-1F97-C4E0090EDAE0}.Debug|Any CPU.ActiveCfg = Debug|Any CPU
		{45B55390-C60A-93BD-1F97-C4E0090EDAE0}.Debug|Any CPU.Build.0 = Debug|Any CPU
		{45B55390-C60A-93BD-1F97-C4E0090EDAE0}.Release|Any CPU.ActiveCfg = Release|Any CPU
		{45B55390-C60A-93BD-1F97-C4E0090EDAE0}.Release|Any CPU.Build.0 = Release|Any CPU
		{9143CED0-B4C1-31B6-0789-30D06655F457}.Debug|Any CPU.ActiveCfg = Debug|Any CPU
		{9143CED0-B4C1-31B6-0789-30D06655F457}.Debug|Any CPU.Build.0 = Debug|Any CPU
		{9143CED0-B4C1-31B6-0789-30D06655F457}.Release|Any CPU.ActiveCfg = Release|Any CPU
		{9143CED0-B4C1-31B6-0789-30D06655F457}.Release|Any CPU.Build.0 = Release|Any CPU
		{64ED02F9-D81E-6B7D-C5F3-FABED041229D}.Debug|Any CPU.ActiveCfg = Debug|Any CPU
		{64ED02F9-D81E-6B7D-C5F3-FABED041229D}.Debug|Any CPU.Build.0 = Debug|Any CPU
		{64ED02F9-D81E-6B7D-C5F3-FABED041229D}.Release|Any CPU.ActiveCfg = Release|Any CPU
		{64ED02F9-D81E-6B7D-C5F3-FABED041229D}.Release|Any CPU.Build.0 = Release|Any CPU
		{F219364D-D777-FC6B-BE9B-E4C4623DF72F}.Debug|Any CPU.ActiveCfg = Debug|Any CPU
		{F219364D-D777-FC6B-BE9B-E4C4623DF72F}.Debug|Any CPU.Build.0 = Debug|Any CPU
		{F219364D-D777-FC6B-BE9B-E4C4623DF72F}.Release|Any CPU.ActiveCfg = Debug|Any CPU
		{F219364D-D777-FC6B-BE9B-E4C4623DF72F}.Release|Any CPU.Build.0 = Debug|Any CPU
		{14560774-3401-55FB-20D2-A46A269B1DCA}.Debug|Any CPU.ActiveCfg = Debug|Any CPU
		{14560774-3401-55FB-20D2-A46A269B1DCA}.Debug|Any CPU.Build.0 = Debug|Any CPU
		{14560774-3401-55FB-20D2-A46A269B1DCA}.Release|Any CPU.ActiveCfg = Release|Any CPU
		{14560774-3401-55FB-20D2-A46A269B1DCA}.Release|Any CPU.Build.0 = Release|Any CPU
		{55571ABD-8236-9F3B-FE1D-3E84829AF96A}.Debug|Any CPU.ActiveCfg = Debug|Any CPU
		{55571ABD-8236-9F3B-FE1D-3E84829AF96A}.Debug|Any CPU.Build.0 = Debug|Any CPU
		{55571ABD-8236-9F3B-FE1D-3E84829AF96A}.Release|Any CPU.ActiveCfg = Release|Any CPU
		{55571ABD-8236-9F3B-FE1D-3E84829AF96A}.Release|Any CPU.Build.0 = Release|Any CPU
		{E8785606-FB50-248D-E9EA-504EE2E35D19}.Debug|Any CPU.ActiveCfg = Debug|Any CPU
		{E8785606-FB50-248D-E9EA-504EE2E35D19}.Debug|Any CPU.Build.0 = Debug|Any CPU
		{E8785606-FB50-248D-E9EA-504EE2E35D19}.Release|Any CPU.ActiveCfg = Release|Any CPU
		{E8785606-FB50-248D-E9EA-504EE2E35D19}.Release|Any CPU.Build.0 = Release|Any CPU
		{AE91B729-4FB5-9260-B836-D6B667445B91}.Debug|Any CPU.ActiveCfg = Debug|Any CPU
		{AE91B729-4FB5-9260-B836-D6B667445B91}.Debug|Any CPU.Build.0 = Debug|Any CPU
		{AE91B729-4FB5-9260-B836-D6B667445B91}.Release|Any CPU.ActiveCfg = Release|Any CPU
		{AE91B729-4FB5-9260-B836-D6B667445B91}.Release|Any CPU.Build.0 = Release|Any CPU
		{543676EC-C90D-8CDA-EFE9-7D68D7875F0F}.Debug|Any CPU.ActiveCfg = Debug|Any CPU
		{543676EC-C90D-8CDA-EFE9-7D68D7875F0F}.Debug|Any CPU.Build.0 = Debug|Any CPU
		{543676EC-C90D-8CDA-EFE9-7D68D7875F0F}.Release|Any CPU.ActiveCfg = Release|Any CPU
		{543676EC-C90D-8CDA-EFE9-7D68D7875F0F}.Release|Any CPU.Build.0 = Release|Any CPU
		{616DDAC4-2F9C-FF58-1B14-B19C5A3029B2}.Debug|Any CPU.ActiveCfg = Debug|Any CPU
		{616DDAC4-2F9C-FF58-1B14-B19C5A3029B2}.Debug|Any CPU.Build.0 = Debug|Any CPU
		{616DDAC4-2F9C-FF58-1B14-B19C5A3029B2}.Release|Any CPU.ActiveCfg = Release|Any CPU
		{616DDAC4-2F9C-FF58-1B14-B19C5A3029B2}.Release|Any CPU.Build.0 = Release|Any CPU
		{7620333D-4C59-5948-8E42-F91404270A6F}.Debug|Any CPU.ActiveCfg = Debug|Any CPU
		{7620333D-4C59-5948-8E42-F91404270A6F}.Debug|Any CPU.Build.0 = Debug|Any CPU
		{7620333D-4C59-5948-8E42-F91404270A6F}.Release|Any CPU.ActiveCfg = Release|Any CPU
		{7620333D-4C59-5948-8E42-F91404270A6F}.Release|Any CPU.Build.0 = Release|Any CPU
		{1FC3CD4B-D865-7538-2C0A-8216B6C65C4F}.Debug|Any CPU.ActiveCfg = Debug|Any CPU
		{1FC3CD4B-D865-7538-2C0A-8216B6C65C4F}.Debug|Any CPU.Build.0 = Debug|Any CPU
		{1FC3CD4B-D865-7538-2C0A-8216B6C65C4F}.Release|Any CPU.ActiveCfg = Release|Any CPU
		{1FC3CD4B-D865-7538-2C0A-8216B6C65C4F}.Release|Any CPU.Build.0 = Release|Any CPU
		{E35DC75A-3C2E-0235-8025-7E145BA5C40D}.Debug|Any CPU.ActiveCfg = Debug|Any CPU
		{E35DC75A-3C2E-0235-8025-7E145BA5C40D}.Debug|Any CPU.Build.0 = Debug|Any CPU
		{E35DC75A-3C2E-0235-8025-7E145BA5C40D}.Release|Any CPU.ActiveCfg = Release|Any CPU
		{E35DC75A-3C2E-0235-8025-7E145BA5C40D}.Release|Any CPU.Build.0 = Release|Any CPU
		{91CC870E-B401-E51A-843C-D47597AE1F93}.Debug|Any CPU.ActiveCfg = Debug|Any CPU
		{91CC870E-B401-E51A-843C-D47597AE1F93}.Debug|Any CPU.Build.0 = Debug|Any CPU
		{91CC870E-B401-E51A-843C-D47597AE1F93}.Release|Any CPU.ActiveCfg = Release|Any CPU
		{91CC870E-B401-E51A-843C-D47597AE1F93}.Release|Any CPU.Build.0 = Release|Any CPU
		{730741AD-B37F-A9CB-5FD8-27BBF8DE3DD4}.Debug|Any CPU.ActiveCfg = Debug|Any CPU
		{730741AD-B37F-A9CB-5FD8-27BBF8DE3DD4}.Debug|Any CPU.Build.0 = Debug|Any CPU
		{730741AD-B37F-A9CB-5FD8-27BBF8DE3DD4}.Release|Any CPU.ActiveCfg = Release|Any CPU
		{730741AD-B37F-A9CB-5FD8-27BBF8DE3DD4}.Release|Any CPU.Build.0 = Release|Any CPU
		{CF1516DC-5391-D087-4E69-BAA8F507C811}.Debug|Any CPU.ActiveCfg = Debug|Any CPU
		{CF1516DC-5391-D087-4E69-BAA8F507C811}.Debug|Any CPU.Build.0 = Debug|Any CPU
		{CF1516DC-5391-D087-4E69-BAA8F507C811}.Release|Any CPU.ActiveCfg = Release|Any CPU
		{CF1516DC-5391-D087-4E69-BAA8F507C811}.Release|Any CPU.Build.0 = Release|Any CPU
		{256DA56E-7357-19CA-8018-B4E9776DD58B}.Debug|Any CPU.ActiveCfg = Debug|Any CPU
		{256DA56E-7357-19CA-8018-B4E9776DD58B}.Debug|Any CPU.Build.0 = Debug|Any CPU
		{256DA56E-7357-19CA-8018-B4E9776DD58B}.Release|Any CPU.ActiveCfg = Release|Any CPU
		{256DA56E-7357-19CA-8018-B4E9776DD58B}.Release|Any CPU.Build.0 = Release|Any CPU
		{A87CE9FA-3064-9A36-F568-1BF515FB3671}.Debug|Any CPU.ActiveCfg = Debug|Any CPU
		{A87CE9FA-3064-9A36-F568-1BF515FB3671}.Debug|Any CPU.Build.0 = Debug|Any CPU
		{A87CE9FA-3064-9A36-F568-1BF515FB3671}.Release|Any CPU.ActiveCfg = Debug|Any CPU
		{A87CE9FA-3064-9A36-F568-1BF515FB3671}.Release|Any CPU.Build.0 = Debug|Any CPU
		{E15602E1-300A-36FD-4E6C-FEF7445B64CC}.Debug|Any CPU.ActiveCfg = Debug|Any CPU
		{E15602E1-300A-36FD-4E6C-FEF7445B64CC}.Debug|Any CPU.Build.0 = Debug|Any CPU
		{E15602E1-300A-36FD-4E6C-FEF7445B64CC}.Release|Any CPU.ActiveCfg = Release|Any CPU
		{E15602E1-300A-36FD-4E6C-FEF7445B64CC}.Release|Any CPU.Build.0 = Release|Any CPU
		{46D6AED5-CB89-6331-7368-75251B0242B2}.Debug|Any CPU.ActiveCfg = Debug|Any CPU
		{46D6AED5-CB89-6331-7368-75251B0242B2}.Debug|Any CPU.Build.0 = Debug|Any CPU
		{46D6AED5-CB89-6331-7368-75251B0242B2}.Release|Any CPU.ActiveCfg = Release|Any CPU
		{46D6AED5-CB89-6331-7368-75251B0242B2}.Release|Any CPU.Build.0 = Release|Any CPU
		{1B127FA9-70E6-77F1-D0B3-92CEABC209C1}.Debug|Any CPU.ActiveCfg = Debug|Any CPU
		{1B127FA9-70E6-77F1-D0B3-92CEABC209C1}.Debug|Any CPU.Build.0 = Debug|Any CPU
		{1B127FA9-70E6-77F1-D0B3-92CEABC209C1}.Release|Any CPU.ActiveCfg = Release|Any CPU
		{1B127FA9-70E6-77F1-D0B3-92CEABC209C1}.Release|Any CPU.Build.0 = Release|Any CPU
		{FCF79DFC-EFB6-9C7C-EC60-680C5F63B4D3}.Debug|Any CPU.ActiveCfg = Debug|Any CPU
		{FCF79DFC-EFB6-9C7C-EC60-680C5F63B4D3}.Debug|Any CPU.Build.0 = Debug|Any CPU
		{FCF79DFC-EFB6-9C7C-EC60-680C5F63B4D3}.Release|Any CPU.ActiveCfg = Release|Any CPU
		{FCF79DFC-EFB6-9C7C-EC60-680C5F63B4D3}.Release|Any CPU.Build.0 = Release|Any CPU
		{CCCBB4F7-7AD9-A337-6FA7-7B384C7E8B75}.Debug|Any CPU.ActiveCfg = Debug|Any CPU
		{CCCBB4F7-7AD9-A337-6FA7-7B384C7E8B75}.Debug|Any CPU.Build.0 = Debug|Any CPU
		{CCCBB4F7-7AD9-A337-6FA7-7B384C7E8B75}.Release|Any CPU.ActiveCfg = Debug|Any CPU
		{CCCBB4F7-7AD9-A337-6FA7-7B384C7E8B75}.Release|Any CPU.Build.0 = Debug|Any CPU
		{8593001F-79C8-E788-F55C-7016C5AA615D}.Debug|Any CPU.ActiveCfg = Debug|Any CPU
		{8593001F-79C8-E788-F55C-7016C5AA615D}.Debug|Any CPU.Build.0 = Debug|Any CPU
		{8593001F-79C8-E788-F55C-7016C5AA615D}.Release|Any CPU.ActiveCfg = Debug|Any CPU
		{8593001F-79C8-E788-F55C-7016C5AA615D}.Release|Any CPU.Build.0 = Debug|Any CPU
		{4E401B6A-4F19-9945-DC6A-2619FDCA6990}.Debug|Any CPU.ActiveCfg = Debug|Any CPU
		{4E401B6A-4F19-9945-DC6A-2619FDCA6990}.Debug|Any CPU.Build.0 = Debug|Any CPU
		{4E401B6A-4F19-9945-DC6A-2619FDCA6990}.Release|Any CPU.ActiveCfg = Debug|Any CPU
		{4E401B6A-4F19-9945-DC6A-2619FDCA6990}.Release|Any CPU.Build.0 = Debug|Any CPU
		{1184A717-F10E-8641-5205-A62F1C9DEAC8}.Debug|Any CPU.ActiveCfg = Debug|Any CPU
		{1184A717-F10E-8641-5205-A62F1C9DEAC8}.Debug|Any CPU.Build.0 = Debug|Any CPU
		{1184A717-F10E-8641-5205-A62F1C9DEAC8}.Release|Any CPU.ActiveCfg = Release|Any CPU
		{1184A717-F10E-8641-5205-A62F1C9DEAC8}.Release|Any CPU.Build.0 = Release|Any CPU
		{66988F6F-C692-65D9-977D-BC74EE3D9582}.Debug|Any CPU.ActiveCfg = Debug|Any CPU
		{66988F6F-C692-65D9-977D-BC74EE3D9582}.Debug|Any CPU.Build.0 = Debug|Any CPU
		{66988F6F-C692-65D9-977D-BC74EE3D9582}.Release|Any CPU.ActiveCfg = Debug|Any CPU
		{66988F6F-C692-65D9-977D-BC74EE3D9582}.Release|Any CPU.Build.0 = Debug|Any CPU
		{843C7460-BD28-36F7-E340-F57729A27DF4}.Debug|Any CPU.ActiveCfg = Debug|Any CPU
		{843C7460-BD28-36F7-E340-F57729A27DF4}.Debug|Any CPU.Build.0 = Debug|Any CPU
		{843C7460-BD28-36F7-E340-F57729A27DF4}.Release|Any CPU.ActiveCfg = Debug|Any CPU
		{843C7460-BD28-36F7-E340-F57729A27DF4}.Release|Any CPU.Build.0 = Debug|Any CPU
		{10A90521-CD3E-BF0D-D21E-2122A631A29F}.Debug|Any CPU.ActiveCfg = Debug|Any CPU
		{10A90521-CD3E-BF0D-D21E-2122A631A29F}.Debug|Any CPU.Build.0 = Debug|Any CPU
		{10A90521-CD3E-BF0D-D21E-2122A631A29F}.Release|Any CPU.ActiveCfg = Debug|Any CPU
		{10A90521-CD3E-BF0D-D21E-2122A631A29F}.Release|Any CPU.Build.0 = Debug|Any CPU
		{7E62DBEB-5D68-A9F6-B56B-C62EEE2C72D3}.Debug|Any CPU.ActiveCfg = Debug|Any CPU
		{7E62DBEB-5D68-A9F6-B56B-C62EEE2C72D3}.Debug|Any CPU.Build.0 = Debug|Any CPU
		{7E62DBEB-5D68-A9F6-B56B-C62EEE2C72D3}.Release|Any CPU.ActiveCfg = Release|Any CPU
		{7E62DBEB-5D68-A9F6-B56B-C62EEE2C72D3}.Release|Any CPU.Build.0 = Release|Any CPU
		{805FB3A9-BE36-AE84-623E-06C512D8706D}.Debug|Any CPU.ActiveCfg = Debug|Any CPU
		{805FB3A9-BE36-AE84-623E-06C512D8706D}.Debug|Any CPU.Build.0 = Debug|Any CPU
		{805FB3A9-BE36-AE84-623E-06C512D8706D}.Release|Any CPU.ActiveCfg = Release|Any CPU
		{805FB3A9-BE36-AE84-623E-06C512D8706D}.Release|Any CPU.Build.0 = Release|Any CPU
	EndGlobalSection
	GlobalSection(SolutionProperties) = preSolution
		HideSolutionNode = FALSE
	EndGlobalSection
	GlobalSection(ExtensibilityGlobals) = postSolution
		SolutionGuid = {1200EEA3-CF3E-4691-973D-296F39A3C65B}
	EndGlobalSection
EndGlobal
